{
  "ts": "2026-04-20T02:10:25Z",
  "rewrite_reason": "P0-3 manifest.lock regeneration (옵션 2B): aligned with live PM2 runtime",
  "previous_ts": "2026-04-01T15:09:21Z",
  "p": [
    {
      "n": "addon-b01",
      "s": "/home/ubuntu/ares_current/b01_multi_source_fallback/src/b01_fallback.py",
      "st": "online",
      "md5": "c393687e2e"
    },
    {
      "n": "addon-b02",
      "s": "/home/ubuntu/ares_current/b02_stale_data_sentinel/src/b02_stale_data_sentinel.py",
      "st": "online",
      "md5": "1f25e00fe3"
    },
    {
      "n": "addon-b03",
      "s": "/home/ubuntu/ares_current/b03_dynamic_risk_scaler/src/b03_risk_scaler.py",
      "st": "online",
      "md5": "40bdcc405d"
    },
    {
      "n": "addon-b04",
      "s": "/home/ubuntu/ares_current/b04_twap_vwap_slicer/src/b04_slicer.py",
      "st": "online",
      "md5": "a80380dada"
    },
    {
      "n": "addon-b05",
      "s": "/home/ubuntu/ares_current/b05_universe_synchronizer/src/b05_universe_sync.py",
      "st": "online",
      "md5": "fa8f36a534"
    },
    {
      "n": "addon-b06-snapshot",
      "s": "/home/ubuntu/ares_current/b06_redis_ha/src/b06_redis_snapshot.py",
      "st": "online",
      "md5": "1d3c4a300f"
    },
    {
      "n": "addon-b06-watchdog",
      "s": "/home/ubuntu/ares_current/b06_redis_ha/src/b06_redis_watchdog.py",
      "st": "online",
      "md5": "85c44afac5"
    },
    {
      "n": "addon-b07",
      "s": "/home/ubuntu/ares_current/b07_canary_pipeline/src/b07_canary.py",
      "st": "online",
      "md5": "80fd288b22"
    },
    {
      "n": "addon-b09",
      "s": "/home/ubuntu/ares_current/b09_prometheus_exporter/src/b09_prometheus_exporter.py",
      "st": "online",
      "md5": "9a956e2ad6"
    },
    {
      "n": "addon-b10",
      "s": "/home/ubuntu/ares_current/b10_llm_news_sentiment/src/b10_sentiment.py",
      "st": "online",
      "md5": "fc8d840c87"
    },
    {
      "n": "addon-b11",
      "s": "/home/ubuntu/ares_current/b11_intraday_xgboost/src/b11_pipeline.py",
      "st": "online",
      "md5": "40c554c2e5"
    },
    {
      "n": "addon-b12",
      "s": "/home/ubuntu/ares_current/b12_auto_recovery_sentinel/src/b12_auto_recovery.py",
      "st": "online",
      "md5": "1388c3bd68"
    },
    {
      "n": "addon-c01",
      "s": "/home/ubuntu/ares_current/cseries/c01_kis_micro_exec/c01_exec.py",
      "st": "online",
      "md5": "31fff687e4"
    },
    {
      "n": "addon-c02",
      "s": "/home/ubuntu/ares_current/cseries/c02_broker_adapter/c02_adapter.py",
      "st": "online",
      "md5": "496694ff94"
    },
    {
      "n": "addon-c03",
      "s": "/home/ubuntu/ares_current/cseries/c03_session_regime/c03_session.py",
      "st": "online",
      "md5": "85b99938f9"
    },
    {
      "n": "addon-c04",
      "s": "/home/ubuntu/ares_current/cseries/c04_portfolio_constraint_solver/c04_solver.py",
      "st": "online",
      "md5": "30f045b541"
    },
    {
      "n": "addon-c05",
      "s": "/home/ubuntu/ares_current/cseries/c05_backtest_live_parity/c05_parity.py",
      "st": "online",
      "md5": "20319abc9b"
    },
    {
      "n": "addon-c06",
      "s": "/home/ubuntu/ares_current/cseries/c06_data_lineage_replay/c06_lineage.py",
      "st": "online",
      "md5": "ce4d72dca9"
    },
    {
      "n": "addon-c07",
      "s": "/home/ubuntu/ares_current/cseries/c07_stateful_recovery/c07_recovery.py",
      "st": "online",
      "md5": "efe784a868"
    },
    {
      "n": "addon-c08",
      "s": "/home/ubuntu/ares_current/cseries/c08_slo_remediation/c08_slo.py",
      "st": "online",
      "md5": "8aa3a43ab0"
    },
    {
      "n": "addon-c09",
      "s": "/home/ubuntu/ares_current/cseries/c09_gitops_promotion/c09_promotion.py",
      "st": "online",
      "md5": "e1318929bf"
    },
    {
      "n": "addon-c10",
      "s": "/home/ubuntu/ares_current/cseries/c10_infra_cell_isolation/c10_cells.py",
      "st": "online",
      "md5": "11ce783329"
    },
    {
      "n": "alert-rules",
      "s": "/home/ubuntu/ares_current/ops/alert-rules.mjs",
      "st": "online",
      "md5": "9196023531"
    },
    {
      "n": "alert-subscriber-v6",
      "s": "/home/ubuntu/patches/v6/p1-9-alert-subscriber.mjs",
      "st": "online",
      "md5": "3b9bbd6143"
    },
    {
      "n": "alpha-overlay-adapter",
      "s": "/home/ubuntu/ARES-KIS-US-AUTOPILOT/feature_pipeline/target_merge_adapter.py",
      "st": "online",
      "md5": "7284a8f396"
    },
    {
      "n": "alpha-signal-processor",
      "s": "/home/ubuntu/ARES-KIS-US-AUTOPILOT/premium-alpha-collector/alpha_signal_processor.py",
      "st": "online",
      "md5": "467d6601df"
    },
    {
      "n": "alpha-signal-scheduler",
      "s": "/etc/ares/bin/run_service.sh",
      "st": "online",
      "md5": "e3e095f3b0"
    },
    {
      "n": "alpha-tier1-realtime",
      "s": "/home/ubuntu/ARES-KIS-US-AUTOPILOT/premium-alpha-collector/realtime_alpha.py",
      "st": "online",
      "md5": "bb5570f764"
    },
    {
      "n": "alpha-tier2-scheduled",
      "s": "/home/ubuntu/ARES-KIS-US-AUTOPILOT/premium-alpha-collector/scheduled_alpha.py",
      "st": "online",
      "md5": "091383bb0d"
    },
    {
      "n": "alpha-tier3-deep",
      "s": "/home/ubuntu/ARES-KIS-US-AUTOPILOT/premium-alpha-collector/deep_alpha.py",
      "st": "online",
      "md5": "e87ce06205"
    },
    {
      "n": "alpha_prod_sec_stream",
      "s": "/etc/ares/bin/run_service.sh",
      "st": "online",
      "md5": "e3e095f3b0"
    },
    {
      "n": "aoa-circuit-breaker",
      "s": "/home/ubuntu/ARES-KIS-US-AUTOPILOT/guards/aoa-circuit-breaker.mjs",
      "st": "online",
      "md5": "86b88d78ef"
    },
    {
      "n": "aoa-live",
      "s": "/etc/ares/bin/run_service.sh",
      "st": "online",
      "md5": "e3e095f3b0"
    },
    {
      "n": "ares-broker-truth-writer",
      "s": "/etc/ares/bin/run_service.sh",
      "st": "online",
      "md5": "e3e095f3b0"
    },
    {
      "n": "ares-contract-validator",
      "s": "/home/ubuntu/ares_current/external/ares-contract-validator.mjs",
      "st": "online",
      "md5": "e1f2523b24"
    },
    {
      "n": "ares-dashboard-v2",
      "s": "/opt/ares/dashboard/dashboard_api_v5.py",
      "st": "online",
      "md5": "5679e98cd8"
    },
    {
      "n": "ares-health-dashboard",
      "s": "/home/ubuntu/ares_current/external/ares-health-dashboard.mjs",
      "st": "online",
      "md5": "b3a3d47fff"
    },
    {
      "n": "ares-health-probe",
      "s": "/home/ubuntu/ares-kis-services/ares-health-probe/server.mjs",
      "st": "online",
      "md5": "4ac5d0fa5d"
    },
    {
      "n": "ares-invariant-checker",
      "s": "/home/ubuntu/ares_current/external/ares-invariant-checker.mjs",
      "st": "online",
      "md5": "9d4819858f"
    },
    {
      "n": "ares-invariant-guard",
      "s": "/home/ubuntu/ares_unified_deploy/invariant_guard_v4.py",
      "st": "online",
      "md5": "53d5e0dcc0"
    },
    {
      "n": "ares-kis-us-broker",
      "s": "/home/ubuntu/ares-kis-services/ares-kis-us-broker/server.mjs",
      "st": "online",
      "md5": "874d8022a2"
    },
    {
      "n": "ares-runtime-guard",
      "s": "/etc/ares/bin/run_service.sh",
      "st": "online",
      "md5": "e3e095f3b0"
    },
    {
      "n": "ares-self-healing-guard",
      "s": "/home/ubuntu/aub-trading-system/services/ares-self-healing-guard.mjs",
      "st": "online",
      "md5": "7c262b3ea1"
    },
    {
      "n": "ares-sleeve-writer",
      "s": "/etc/ares/bin/run_service.sh",
      "st": "online",
      "md5": "e3e095f3b0"
    },
    {
      "n": "ares-ssot-coverage-override",
      "s": "/home/ubuntu/ares_current/external/ares_ssot_coverage_override.py",
      "st": "online",
      "md5": "0358b4fa4a"
    },
    {
      "n": "ares-structural-guardian",
      "s": "/home/ubuntu/ares_current/ares_structural_guardian.py",
      "st": "online",
      "md5": "27569f64a0"
    },
    {
      "n": "ares-system-invariant-checker",
      "s": "/etc/ares/bin/run_service.sh",
      "st": "online",
      "md5": "e3e095f3b0"
    },
    {
      "n": "auto-recovery-sentinel",
      "s": "/home/ubuntu/ARES-KIS-US-AUTOPILOT/guards/auto-recovery-sentinel.mjs",
      "st": "online",
      "md5": ""
    },
    {
      "n": "broker-truth-watchdog",
      "s": "/home/ubuntu/guards/broker-truth-watchdog.mjs",
      "st": "online",
      "md5": "6e598dfaba"
    },
    {
      "n": "calendar-writer-daemon",
      "s": "/home/ubuntu/ares_current/calendar_writer_daemon.mjs",
      "st": "online",
      "md5": "7df99228a1"
    },
    {
      "n": "chronos-ttl-canceller",
      "s": "/etc/ares/bin/run_service.sh",
      "st": "online",
      "md5": "e3e095f3b0"
    },
    {
      "n": "circuit-breaker-daemon",
      "s": "/etc/ares/bin/run_service.sh",
      "st": "online",
      "md5": "e3e095f3b0"
    },
    {
      "n": "data-freshness-enforcer",
      "s": "/etc/ares/bin/run_service.sh",
      "st": "online",
      "md5": "e3e095f3b0"
    },
    {
      "n": "data-gateway",
      "s": "/home/ubuntu/data-gateway.mjs",
      "st": "online",
      "md5": "d9aef97c02"
    },
    {
      "n": "drawdown-engine",
      "s": "/home/ubuntu/ares_addons_p0/drawdown-engine.mjs",
      "st": "online",
      "md5": "b5675fd82f"
    },
    {
      "n": "dtch-dd-injector",
      "s": "/home/ubuntu/ARES-KIS-US-AUTOPILOT/guards/dtch-dd-injector.mjs",
      "st": "online",
      "md5": "a940bc9cce"
    },
    {
      "n": "dtch-guardrail-fix",
      "s": "/home/ubuntu/ares_addons_p0/dtch_guardrail_fix.mjs",
      "st": "online",
      "md5": "bad7bcc6ad"
    },
    {
      "n": "ecosystem.ares-kis-v7",
      "s": "/home/ubuntu/ares-kis-services/ecosystem.ares-kis-v7.cjs",
      "st": "online",
      "md5": "96abecc4bc"
    },
    {
      "n": "ecosystem.ares-kis-v7",
      "s": "/home/ubuntu/ares-kis-services/ecosystem.ares-kis-v7.cjs",
      "st": "online",
      "md5": "96abecc4bc"
    },
    {
      "n": "ecosystem.r11s_dtch_level3",
      "s": "/home/ubuntu/r11s_v44_dtch_live/code/ecosystem.r11s_dtch_level3.cjs",
      "st": "online",
      "md5": "a32f87638d"
    },
    {
      "n": "epoch-guardian-v6",
      "s": "/home/ubuntu/patches/v6/p1-7-epoch-guardian.mjs",
      "st": "online",
      "md5": "cdcef68524"
    },
    {
      "n": "equity-calculator",
      "s": "/home/ubuntu/aub-trading-system/equity-calculator.mjs",
      "st": "online",
      "md5": "f6f976d47f"
    },
    {
      "n": "equity-pipeline-monitor",
      "s": "/home/ubuntu/ares_current/equity-pipeline-monitor.mjs",
      "st": "online",
      "md5": "d2236639e8"
    },
    {
      "n": "equity-stream-subscriber",
      "s": "/home/ubuntu/ares_current/equity-stream-subscriber.mjs",
      "st": "online",
      "md5": "51415d3a9d"
    },
    {
      "n": "execution-reconciler",
      "s": "/home/ubuntu/ares_current/execution-reconciler.mjs",
      "st": "online",
      "md5": "fb5b467852"
    },
    {
      "n": "exposure-monitor-v2",
      "s": "/home/ubuntu/exposure_monitor_v2.py",
      "st": "online",
      "md5": "55ead0822e"
    },
    {
      "n": "factor-engine",
      "s": "/home/ubuntu/ares_current/external/factor-engine.mjs",
      "st": "online",
      "md5": "e3cc4faa21"
    },
    {
      "n": "feat-darkpool",
      "s": "/home/ubuntu/ARES-KIS-US-AUTOPILOT/feature_pipeline/factors/darkpool.py",
      "st": "online",
      "md5": "e0b577620c"
    },
    {
      "n": "feat-fusion-shadow",
      "s": "/home/ubuntu/ARES-KIS-US-AUTOPILOT/feature_pipeline/fusion/regime_blend.py",
      "st": "online",
      "md5": "faf1572d2b"
    },
    {
      "n": "feat-macro-regime",
      "s": "/home/ubuntu/ARES-KIS-US-AUTOPILOT/feature_pipeline/factors/macro_regime.py",
      "st": "online",
      "md5": "12a851b852"
    },
    {
      "n": "feat-options-gex",
      "s": "/home/ubuntu/ARES-KIS-US-AUTOPILOT/feature_pipeline/factors/options_gex.py",
      "st": "online",
      "md5": "6db5deec38"
    },
    {
      "n": "final-to-champion-bridge",
      "s": "/etc/ares/bin/run_service.sh",
      "st": "online",
      "md5": "e3e095f3b0"
    },
    {
      "n": "final-trade-gate",
      "s": "/home/ubuntu/ares_current/guards/final-trade-gate.mjs",
      "st": "online",
      "md5": "520f38fd08"
    },
    {
      "n": "flapping-detector",
      "s": "/home/ubuntu/ares_current/external/flapping_detector_v2.py",
      "st": "online",
      "md5": "faf31cb373"
    },
    {
      "n": "force-sell-executor",
      "s": "/home/ubuntu/ares_patches_v3/00_EX-001_quarantine/src/force_sell_executor.py",
      "st": "online",
      "md5": "57f2b123eb"
    },
    {
      "n": "freshness-watchdog",
      "s": "/home/ubuntu/ares_current/freshness_watchdog.mjs",
      "st": "online",
      "md5": "7de90e714e"
    },
    {
      "n": "go-nogo-judge",
      "s": "/home/ubuntu/ares_current/go-nogo-judge-v2.mjs",
      "st": "online",
      "md5": "2dd1817571"
    },
    {
      "n": "governance-monitor",
      "s": "/home/ubuntu/ares_current/governance/governance-monitor.mjs",
      "st": "online",
      "md5": "335817f8d3"
    },
    {
      "n": "gpu-crash-sentinel-live",
      "s": "/home/ubuntu/ares_current/external/gpu_crash_sentinel_live.py",
      "st": "online",
      "md5": "fcedc3f01a"
    },
    {
      "n": "gpu-market-feature-publisher",
      "s": "/etc/ares/bin/run_service.sh",
      "st": "online",
      "md5": "e3e095f3b0"
    },
    {
      "n": "gpu-operational-risk-guard",
      "s": "/home/ubuntu/ares_current/external/gpu_operational_risk_guard.py",
      "st": "online",
      "md5": "dcf1656bf6"
    },
    {
      "n": "gpu-recovery-ramp",
      "s": "/home/ubuntu/ares_current/guards/gpu-recovery-ramp.mjs",
      "st": "online",
      "md5": "44c7d6606d"
    },
    {
      "n": "guardian-self-audit",
      "s": "/home/ubuntu/ares_current/registry_self_audit.py",
      "st": "online",
      "md5": "16a1d3d7f6"
    },
    {
      "n": "halt-controller",
      "s": "/home/ubuntu/ares_addons_p0/halt-controller.mjs",
      "st": "online",
      "md5": "f6e0f40fbb"
    },
    {
      "n": "kill-switch-authority-v2",
      "s": "/home/ubuntu/ares_current/kill-switch-authority.mjs",
      "st": "online",
      "md5": "68fb5afc7f"
    },
    {
      "n": "kis-balance-sync",
      "s": "/home/ubuntu/ares_current/kis-balance-sync.mjs",
      "st": "online",
      "md5": "78a056b19f"
    },
    {
      "n": "kis-token-service",
      "s": "/home/ubuntu/aub-trading-system/kis-token-service.mjs",
      "st": "online",
      "md5": "c17d0fe7e4"
    },
    {
      "n": "live-trading-kis",
      "s": "/home/ubuntu/aub-trading-system/live-trading-kis.mjs",
      "st": "online",
      "md5": "42c95dc4d5"
    },
    {
      "n": "md-feeder-v6",
      "s": "/home/ubuntu/patches/v6/p1-6-market-data-feeder-v6.mjs",
      "st": "online",
      "md5": "28dfefd6f7"
    },
    {
      "n": "multi-source-regime-detector",
      "s": "/etc/ares/bin/run_service.sh",
      "st": "online",
      "md5": "e3e095f3b0"
    },
    {
      "n": "nextgen2-live",
      "s": "/home/ubuntu/ares-nextgen/nextgen2/orchestrator.py",
      "st": "online",
      "md5": "4aa5af8efc"
    },
    {
      "n": "oeg-executor",
      "s": "/home/ubuntu/ares_current/ops/oeg_executor_twap_feedback_lite.py",
      "st": "online",
      "md5": "fec7afc67a"
    },
    {
      "n": "ofg-unifier-v6",
      "s": "/home/ubuntu/patches/v6/p1-5-ofg-gate-unifier-v6.mjs",
      "st": "online",
      "md5": "a6696de63e"
    },
    {
      "n": "open-orders-sync",
      "s": "/home/ubuntu/ares_current/open-orders-sync.mjs",
      "st": "online",
      "md5": "bf0636f9ff"
    },
    {
      "n": "ops-autorecovery",
      "s": "/opt/ares/ops_platform/bin/run_ops_module.sh",
      "st": "online",
      "md5": "f0970dd709"
    },
    {
      "n": "ops-dashboard-api",
      "s": "/home/ubuntu/ares_current/dashboard/ops-dashboard-api.mjs",
      "st": "online",
      "md5": "262ca53e6b"
    },
    {
      "n": "ops-drift-analyzer",
      "s": "/opt/ares/ops_platform/bin/run_ops_module.sh",
      "st": "online",
      "md5": "f0970dd709"
    },
    {
      "n": "ops-health-snapshot",
      "s": "/opt/ares/ops_platform/bin/run_ops_module.sh",
      "st": "online",
      "md5": "f0970dd709"
    },
    {
      "n": "ops-market-monitor",
      "s": "/opt/ares/ops_platform/bin/run_ops_module.sh",
      "st": "online",
      "md5": "f0970dd709"
    },
    {
      "n": "order-flow-governor",
      "s": "/home/ubuntu/ares_current/external/order_flow_governor_v2.py",
      "st": "online",
      "md5": "bcbfc26afd"
    },
    {
      "n": "order-intent-executor",
      "s": "/home/ubuntu/ares_current/order-intent-executor.mjs",
      "st": "online",
      "md5": "6ecdff399a"
    },
    {
      "n": "peak-safety-clamp",
      "s": "/home/ubuntu/ares_current/guards/peak-safety-clamp.mjs",
      "st": "online",
      "md5": "9131dcc1b9"
    },
    {
      "n": "pipeline-watchdog",
      "s": "/opt/ares/lib/ares_pipeline_watchdog.py",
      "st": "online",
      "md5": "1adbb5acba"
    },
    {
      "n": "pm2-logrotate",
      "s": "/home/ubuntu/.pm2/modules/pm2-logrotate/node_modules/pm2-logrotate/app.js",
      "st": "online",
      "md5": "9c393e6cae"
    },
    {
      "n": "position-hard-stop",
      "s": "/home/ubuntu/ARES-KIS-US-AUTOPILOT/guards/position-hard-stop.mjs",
      "st": "online",
      "md5": "212ccee937"
    },
    {
      "n": "position-sync-service",
      "s": "/home/ubuntu/ares_current/external/position-sync-service.mjs",
      "st": "online",
      "md5": "9a68365629"
    },
    {
      "n": "preopen-assertions",
      "s": "/home/ubuntu/ares_current/ops/preopen-assertions.mjs",
      "st": "online",
      "md5": "325f9ea8b9"
    },
    {
      "n": "r11s-dtch-level3",
      "s": "/home/ubuntu/r11s_v44_dtch_live/code/r11s_dtch_sidecar_level35_v33.py",
      "st": "online",
      "md5": "54fe7be8a7"
    },
    {
      "n": "realtime-data-feed-v3",
      "s": "/home/ubuntu/aub-trading-system/realtime-data-feed-v3.mjs",
      "st": "online",
      "md5": "b182cd5c51"
    },
    {
      "n": "regime-consensus-engine",
      "s": "/etc/ares/bin/run_service.sh",
      "st": "online",
      "md5": "e3e095f3b0"
    },
    {
      "n": "regime-writer-v88",
      "s": "/home/ubuntu/ares_current/regime_writer_v88.mjs",
      "st": "online",
      "md5": "332e3a3712"
    },
    {
      "n": "regime15_bridge",
      "s": "/home/ubuntu/ares_current/external/regime15_bridge.mjs",
      "st": "online",
      "md5": "8663cc5cb0"
    },
    {
      "n": "router-guard-v6",
      "s": "/home/ubuntu/patches/v6/p1-4-router-mode-guard-v6.mjs",
      "st": "online",
      "md5": "eaa0c307be"
    },
    {
      "n": "rt-position-guard-v9",
      "s": "/home/ubuntu/ares_current/rt_position_guard_v9.mjs",
      "st": "online",
      "md5": "602cf1d4e5"
    },
    {
      "n": "safe-deployment-manager",
      "s": "/home/ubuntu/ares_current/external/safe_deployment_manager.py",
      "st": "online",
      "md5": "ef87b7f0e6"
    },
    {
      "n": "self-healer",
      "s": "/home/ubuntu/ares_current/self_healer.mjs",
      "st": "online",
      "md5": "739af8e83a"
    },
    {
      "n": "sleeve-allocator",
      "s": "/home/ubuntu/ares_current/external/sleeve_allocator.py",
      "st": "online",
      "md5": "820c3fcbee"
    },
    {
      "n": "smg-dashboard-v6",
      "s": "/home/ubuntu/patches/v6/p1-2-smg-audit-dashboard-v6.mjs",
      "st": "online",
      "md5": "5e57795bf0"
    },
    {
      "n": "ssot-promote-v2",
      "s": "/home/ubuntu/aub-trading-system/ops/ssot_promote_v2.py",
      "st": "online",
      "md5": "98588e61d7"
    },
    {
      "n": "ssot-provenance-diff",
      "s": "/home/ubuntu/ares_current/ops/ssot-provenance-diff.mjs",
      "st": "online",
      "md5": "65eb9665ee"
    },
    {
      "n": "ssot-sanity-guard",
      "s": "/home/ubuntu/ares_current/guards/ssot-sanity-guard.mjs",
      "st": "online",
      "md5": "77dc75efa1"
    },
    {
      "n": "ssot-writer-v2",
      "s": "/home/ubuntu/aub-trading-system/ops/ssot_writer_v2.py",
      "st": "online",
      "md5": "7e1e5fa8bc"
    },
    {
      "n": "state-machine-guard-v2",
      "s": "/home/ubuntu/ares_current/patches_v2/patch-02-state-machine-guard-v2.mjs",
      "st": "online",
      "md5": "accdf6f964"
    },
    {
      "n": "technical-indicator-writer-v2",
      "s": "/home/ubuntu/ares_current/technical_indicator_writer_v2.py",
      "st": "online",
      "md5": "143277bb35"
    },
    {
      "n": "universe-sync-daemon",
      "s": "/home/ubuntu/ARES-KIS-US-AUTOPILOT/aub-trading-system/ops/universe_sync_daemon.py",
      "st": "online",
      "md5": "3930bd9278"
    },
    {
      "n": "v4-broker-ledger-projector",
      "s": "/home/ubuntu/ares_current/v4-shadow/v4_broker_ledger_projector.mjs",
      "st": "online",
      "md5": "f76175a92e"
    },
    {
      "n": "v4-broker-raw-collector",
      "s": "/home/ubuntu/ares_current/v4-shadow/v4_broker_raw_collector.mjs",
      "st": "online",
      "md5": "6281348c0f"
    },
    {
      "n": "v4-fix4-reconciler",
      "s": "/home/ubuntu/ares_current/v4-shadow/fix4_shadow_reconciler.mjs",
      "st": "online",
      "md5": "34358d0cae"
    },
    {
      "n": "v4-performance-verified-writer",
      "s": "/home/ubuntu/ares_current/v4-shadow/v4_performance_verified_writer.mjs",
      "st": "online",
      "md5": "e14b48fa3e"
    },
    {
      "n": "watchdog-monitor",
      "s": "/home/ubuntu/ares_current/watchdog-monitor.mjs",
      "st": "online",
      "md5": "9e887382b2"
    },
    {
      "n": "xgb-riskflag-writer-v2",
      "s": "/etc/ares/bin/run_service.sh",
      "st": "online",
      "md5": "e3e095f3b0"
    }
  ]
}